{
    "_readme": [
        "This file locks the dependencies of your project to a known state",
        "Read more about it at https://getcomposer.org/doc/01-basic-usage.md#installing-dependencies",
        "This file is @generated automatically"
    ],
    "content-hash": "d0e8b53b83338aea64bd3cd3fc4cfa36",
    "packages": [
        {
            "name": "aura/di",
            "version": "3.4.0",
            "source": {
                "type": "git",
                "url": "https://github.com/auraphp/Aura.Di.git",
                "reference": "f676b38a0d1c3b0d7897b0a082f4811eb8b08faa"
            },
            "dist": {
                "type": "zip",
                "url": "https://api.github.com/repos/auraphp/Aura.Di/zipball/f676b38a0d1c3b0d7897b0a082f4811eb8b08faa",
                "reference": "f676b38a0d1c3b0d7897b0a082f4811eb8b08faa",
                "shasum": ""
            },
            "require": {
                "container-interop/container-interop": "~1.0",
                "php": ">=5.5.0"
            },
            "provide": {
                "container-interop/container-interop-implementation": "^1.0"
            },
            "require-dev": {
                "acclimate/container": "~1.0",
                "mouf/picotainer": "~1.0",
                "phpunit/phpunit": "~5.7 || ~4.8"
            },
            "type": "library",
            "autoload": {
                "psr-4": {
                    "Aura\\Di\\": "src/"
                }
            },
            "notification-url": "https://packagist.org/downloads/",
            "license": [
                "MIT"
            ],
            "authors": [
                {
                    "name": "Aura.Di Contributors",
                    "homepage": "https://github.com/auraphp/Aura.Di/contributors"
                }
            ],
            "description": "A serializable dependency injection container with constructor and setter injection, interface and trait awareness, configuration inheritance, and much more.",
            "homepage": "https://github.com/auraphp/Aura.Di",
            "keywords": [
                "container",
                "dependency injection",
                "dependency injection container",
                "di",
                "di container"
            ],
            "time": "2017-07-30T04:14:30+00:00"
        },
        {
            "name": "container-interop/container-interop",
            "version": "1.2.0",
            "source": {
                "type": "git",
                "url": "https://github.com/container-interop/container-interop.git",
                "reference": "79cbf1341c22ec75643d841642dd5d6acd83bdb8"
            },
            "dist": {
                "type": "zip",
                "url": "https://api.github.com/repos/container-interop/container-interop/zipball/79cbf1341c22ec75643d841642dd5d6acd83bdb8",
                "reference": "79cbf1341c22ec75643d841642dd5d6acd83bdb8",
                "shasum": ""
            },
            "require": {
                "psr/container": "^1.0"
            },
            "type": "library",
            "autoload": {
                "psr-4": {
                    "Interop\\Container\\": "src/Interop/Container/"
                }
            },
            "notification-url": "https://packagist.org/downloads/",
            "license": [
                "MIT"
            ],
            "description": "Promoting the interoperability of container objects (DIC, SL, etc.)",
            "homepage": "https://github.com/container-interop/container-interop",
            "time": "2017-02-14T19:40:03+00:00"
        },
        {
            "name": "doctrine/lexer",
            "version": "v1.0.1",
            "source": {
                "type": "git",
                "url": "https://github.com/doctrine/lexer.git",
                "reference": "83893c552fd2045dd78aef794c31e694c37c0b8c"
            },
            "dist": {
                "type": "zip",
                "url": "https://api.github.com/repos/doctrine/lexer/zipball/83893c552fd2045dd78aef794c31e694c37c0b8c",
                "reference": "83893c552fd2045dd78aef794c31e694c37c0b8c",
                "shasum": ""
            },
            "require": {
                "php": ">=5.3.2"
            },
            "type": "library",
            "extra": {
                "branch-alias": {
                    "dev-master": "1.0.x-dev"
                }
            },
            "autoload": {
                "psr-0": {
                    "Doctrine\\Common\\Lexer\\": "lib/"
                }
            },
            "notification-url": "https://packagist.org/downloads/",
            "license": [
                "MIT"
            ],
            "authors": [
                {
                    "name": "Roman Borschel",
                    "email": "roman@code-factory.org"
                },
                {
                    "name": "Guilherme Blanco",
                    "email": "guilhermeblanco@gmail.com"
                },
                {
                    "name": "Johannes Schmitt",
                    "email": "schmittjoh@gmail.com"
                }
            ],
            "description": "Base library for a lexer that can be used in Top-Down, Recursive Descent Parsers.",
            "homepage": "http://www.doctrine-project.org",
            "keywords": [
                "lexer",
                "parser"
            ],
            "time": "2014-09-09T13:34:57+00:00"
        },
        {
            "name": "egulias/email-validator",
            "version": "2.1.4",
            "source": {
                "type": "git",
                "url": "https://github.com/egulias/EmailValidator.git",
                "reference": "8790f594151ca6a2010c6218e09d96df67173ad3"
            },
            "dist": {
                "type": "zip",
                "url": "https://api.github.com/repos/egulias/EmailValidator/zipball/8790f594151ca6a2010c6218e09d96df67173ad3",
                "reference": "8790f594151ca6a2010c6218e09d96df67173ad3",
                "shasum": ""
            },
            "require": {
                "doctrine/lexer": "^1.0.1",
                "php": ">= 5.5"
            },
            "require-dev": {
                "dominicsayers/isemail": "dev-master",
                "phpunit/phpunit": "^4.8.35||^5.7||^6.0",
                "satooshi/php-coveralls": "^1.0.1"
            },
            "suggest": {
                "ext-intl": "PHP Internationalization Libraries are required to use the SpoofChecking validation"
            },
            "type": "library",
            "extra": {
                "branch-alias": {
                    "dev-master": "2.0.x-dev"
                }
            },
            "autoload": {
                "psr-4": {
                    "Egulias\\EmailValidator\\": "EmailValidator"
                }
            },
            "notification-url": "https://packagist.org/downloads/",
            "license": [
                "MIT"
            ],
            "authors": [
                {
                    "name": "Eduardo Gulias Davis"
                }
            ],
            "description": "A library for validating emails against several RFCs",
            "homepage": "https://github.com/egulias/EmailValidator",
            "keywords": [
                "email",
                "emailvalidation",
                "emailvalidator",
                "validation",
                "validator"
            ],
            "time": "2018-04-10T10:11:19+00:00"
        },
        {
            "name": "jbroadway/urlify",
            "version": "1.1.0-stable",
            "source": {
                "type": "git",
                "url": "https://github.com/jbroadway/urlify.git",
                "reference": "99bb78cd9002d0e9ce479bb81635eb665e37e981"
            },
            "dist": {
                "type": "zip",
                "url": "https://api.github.com/repos/jbroadway/urlify/zipball/99bb78cd9002d0e9ce479bb81635eb665e37e981",
                "reference": "99bb78cd9002d0e9ce479bb81635eb665e37e981",
                "shasum": ""
            },
            "require": {
                "php": ">=5.3.0"
            },
            "type": "library",
            "extra": {
                "branch-alias": {
                    "dev-master": "1.0-dev"
                }
            },
            "autoload": {
                "psr-0": {
                    "URLify": ""
                }
            },
            "notification-url": "https://packagist.org/downloads/",
            "license": [
                "BSD"
            ],
            "authors": [
                {
                    "name": "Johnny Broadway",
                    "email": "johnny@johnnybroadway.com",
                    "homepage": "http://www.johnnybroadway.com/"
                }
            ],
            "description": "PHP port of URLify.js from the Django project. Transliterates non-ascii characters for use in URLs.",
            "homepage": "https://github.com/jbroadway/urlify",
            "keywords": [
                "encode",
                "iconv",
                "link",
                "slug",
                "translit",
                "transliterate",
                "transliteration",
                "url",
                "urlify"
            ],
            "time": "2017-01-03T20:12:54+00:00"
        },
        {
            "name": "monolog/monolog",
            "version": "1.23.0",
            "source": {
                "type": "git",
                "url": "https://github.com/Seldaek/monolog.git",
                "reference": "fd8c787753b3a2ad11bc60c063cff1358a32a3b4"
            },
            "dist": {
                "type": "zip",
                "url": "https://api.github.com/repos/Seldaek/monolog/zipball/fd8c787753b3a2ad11bc60c063cff1358a32a3b4",
                "reference": "fd8c787753b3a2ad11bc60c063cff1358a32a3b4",
                "shasum": ""
            },
            "require": {
                "php": ">=5.3.0",
                "psr/log": "~1.0"
            },
            "provide": {
                "psr/log-implementation": "1.0.0"
            },
            "require-dev": {
                "aws/aws-sdk-php": "^2.4.9 || ^3.0",
                "doctrine/couchdb": "~1.0@dev",
                "graylog2/gelf-php": "~1.0",
                "jakub-onderka/php-parallel-lint": "0.9",
                "php-amqplib/php-amqplib": "~2.4",
                "php-console/php-console": "^3.1.3",
                "phpunit/phpunit": "~4.5",
                "phpunit/phpunit-mock-objects": "2.3.0",
                "ruflin/elastica": ">=0.90 <3.0",
                "sentry/sentry": "^0.13",
                "swiftmailer/swiftmailer": "^5.3|^6.0"
            },
            "suggest": {
                "aws/aws-sdk-php": "Allow sending log messages to AWS services like DynamoDB",
                "doctrine/couchdb": "Allow sending log messages to a CouchDB server",
                "ext-amqp": "Allow sending log messages to an AMQP server (1.0+ required)",
                "ext-mongo": "Allow sending log messages to a MongoDB server",
                "graylog2/gelf-php": "Allow sending log messages to a GrayLog2 server",
                "mongodb/mongodb": "Allow sending log messages to a MongoDB server via PHP Driver",
                "php-amqplib/php-amqplib": "Allow sending log messages to an AMQP server using php-amqplib",
                "php-console/php-console": "Allow sending log messages to Google Chrome",
                "rollbar/rollbar": "Allow sending log messages to Rollbar",
                "ruflin/elastica": "Allow sending log messages to an Elastic Search server",
                "sentry/sentry": "Allow sending log messages to a Sentry server"
            },
            "type": "library",
            "extra": {
                "branch-alias": {
                    "dev-master": "2.0.x-dev"
                }
            },
            "autoload": {
                "psr-4": {
                    "Monolog\\": "src/Monolog"
                }
            },
            "notification-url": "https://packagist.org/downloads/",
            "license": [
                "MIT"
            ],
            "authors": [
                {
                    "name": "Jordi Boggiano",
                    "email": "j.boggiano@seld.be",
                    "homepage": "http://seld.be"
                }
            ],
            "description": "Sends your logs to files, sockets, inboxes, databases and various web services",
            "homepage": "http://github.com/Seldaek/monolog",
            "keywords": [
                "log",
                "logging",
                "psr-3"
            ],
            "time": "2017-06-19T01:22:40+00:00"
        },
        {
            "name": "nikic/fast-route",
            "version": "v1.3.0",
            "source": {
                "type": "git",
                "url": "https://github.com/nikic/FastRoute.git",
                "reference": "181d480e08d9476e61381e04a71b34dc0432e812"
            },
            "dist": {
                "type": "zip",
                "url": "https://api.github.com/repos/nikic/FastRoute/zipball/181d480e08d9476e61381e04a71b34dc0432e812",
                "reference": "181d480e08d9476e61381e04a71b34dc0432e812",
                "shasum": ""
            },
            "require": {
                "php": ">=5.4.0"
            },
            "require-dev": {
                "phpunit/phpunit": "^4.8.35|~5.7"
            },
            "type": "library",
            "autoload": {
                "psr-4": {
                    "FastRoute\\": "src/"
                },
                "files": [
                    "src/functions.php"
                ]
            },
            "notification-url": "https://packagist.org/downloads/",
            "license": [
                "BSD-3-Clause"
            ],
            "authors": [
                {
                    "name": "Nikita Popov",
                    "email": "nikic@php.net"
                }
            ],
            "description": "Fast request router for PHP",
            "keywords": [
                "router",
                "routing"
            ],
            "time": "2018-02-13T20:26:39+00:00"
        },
        {
            "name": "pimple/pimple",
            "version": "v3.2.3",
            "source": {
                "type": "git",
                "url": "https://github.com/silexphp/Pimple.git",
                "reference": "9e403941ef9d65d20cba7d54e29fe906db42cf32"
            },
            "dist": {
                "type": "zip",
                "url": "https://api.github.com/repos/silexphp/Pimple/zipball/9e403941ef9d65d20cba7d54e29fe906db42cf32",
                "reference": "9e403941ef9d65d20cba7d54e29fe906db42cf32",
                "shasum": ""
            },
            "require": {
                "php": ">=5.3.0",
                "psr/container": "^1.0"
            },
            "require-dev": {
                "symfony/phpunit-bridge": "^3.2"
            },
            "type": "library",
            "extra": {
                "branch-alias": {
                    "dev-master": "3.2.x-dev"
                }
            },
            "autoload": {
                "psr-0": {
                    "Pimple": "src/"
                }
            },
            "notification-url": "https://packagist.org/downloads/",
            "license": [
                "MIT"
            ],
            "authors": [
                {
                    "name": "Fabien Potencier",
                    "email": "fabien@symfony.com"
                }
            ],
            "description": "Pimple, a simple Dependency Injection Container",
            "homepage": "http://pimple.sensiolabs.org",
            "keywords": [
                "container",
                "dependency injection"
            ],
            "time": "2018-01-21T07:42:36+00:00"
        },
        {
            "name": "psr/container",
            "version": "1.0.0",
            "source": {
                "type": "git",
                "url": "https://github.com/php-fig/container.git",
                "reference": "b7ce3b176482dbbc1245ebf52b181af44c2cf55f"
            },
            "dist": {
                "type": "zip",
                "url": "https://api.github.com/repos/php-fig/container/zipball/b7ce3b176482dbbc1245ebf52b181af44c2cf55f",
                "reference": "b7ce3b176482dbbc1245ebf52b181af44c2cf55f",
                "shasum": ""
            },
            "require": {
                "php": ">=5.3.0"
            },
            "type": "library",
            "extra": {
                "branch-alias": {
                    "dev-master": "1.0.x-dev"
                }
            },
            "autoload": {
                "psr-4": {
                    "Psr\\Container\\": "src/"
                }
            },
            "notification-url": "https://packagist.org/downloads/",
            "license": [
                "MIT"
            ],
            "authors": [
                {
                    "name": "PHP-FIG",
                    "homepage": "http://www.php-fig.org/"
                }
            ],
            "description": "Common Container Interface (PHP FIG PSR-11)",
            "homepage": "https://github.com/php-fig/container",
            "keywords": [
                "PSR-11",
                "container",
                "container-interface",
                "container-interop",
                "psr"
            ],
            "time": "2017-02-14T16:28:37+00:00"
        },
        {
            "name": "psr/http-message",
            "version": "1.0.1",
            "source": {
                "type": "git",
                "url": "https://github.com/php-fig/http-message.git",
                "reference": "f6561bf28d520154e4b0ec72be95418abe6d9363"
            },
            "dist": {
                "type": "zip",
                "url": "https://api.github.com/repos/php-fig/http-message/zipball/f6561bf28d520154e4b0ec72be95418abe6d9363",
                "reference": "f6561bf28d520154e4b0ec72be95418abe6d9363",
                "shasum": ""
            },
            "require": {
                "php": ">=5.3.0"
            },
            "type": "library",
            "extra": {
                "branch-alias": {
                    "dev-master": "1.0.x-dev"
                }
            },
            "autoload": {
                "psr-4": {
                    "Psr\\Http\\Message\\": "src/"
                }
            },
            "notification-url": "https://packagist.org/downloads/",
            "license": [
                "MIT"
            ],
            "authors": [
                {
                    "name": "PHP-FIG",
                    "homepage": "http://www.php-fig.org/"
                }
            ],
            "description": "Common interface for HTTP messages",
            "homepage": "https://github.com/php-fig/http-message",
            "keywords": [
                "http",
                "http-message",
                "psr",
                "psr-7",
                "request",
                "response"
            ],
            "time": "2016-08-06T14:39:51+00:00"
        },
        {
            "name": "psr/log",
            "version": "1.0.2",
            "source": {
                "type": "git",
                "url": "https://github.com/php-fig/log.git",
                "reference": "4ebe3a8bf773a19edfe0a84b6585ba3d401b724d"
            },
            "dist": {
                "type": "zip",
                "url": "https://api.github.com/repos/php-fig/log/zipball/4ebe3a8bf773a19edfe0a84b6585ba3d401b724d",
                "reference": "4ebe3a8bf773a19edfe0a84b6585ba3d401b724d",
                "shasum": ""
            },
            "require": {
                "php": ">=5.3.0"
            },
            "type": "library",
            "extra": {
                "branch-alias": {
                    "dev-master": "1.0.x-dev"
                }
            },
            "autoload": {
                "psr-4": {
                    "Psr\\Log\\": "Psr/Log/"
                }
            },
            "notification-url": "https://packagist.org/downloads/",
            "license": [
                "MIT"
            ],
            "authors": [
                {
                    "name": "PHP-FIG",
                    "homepage": "http://www.php-fig.org/"
                }
            ],
            "description": "Common interface for logging libraries",
            "homepage": "https://github.com/php-fig/log",
            "keywords": [
                "log",
                "psr",
                "psr-3"
            ],
            "time": "2016-10-10T12:19:37+00:00"
        },
        {
            "name": "shameerc/slim3-aura-di",
            "version": "dev-master",
            "source": {
                "type": "git",
                "url": "https://github.com/shameerc/Slim3-Aura.Di-Bridge.git",
                "reference": "24d6fc36aab84a80973deb84cfe938266ab181c9"
            },
            "dist": {
                "type": "zip",
                "url": "https://api.github.com/repos/shameerc/Slim3-Aura.Di-Bridge/zipball/24d6fc36aab84a80973deb84cfe938266ab181c9",
                "reference": "24d6fc36aab84a80973deb84cfe938266ab181c9",
                "shasum": ""
            },
            "require": {
                "aura/di": "^3.1",
                "php": ">=5.5.0",
                "slim/slim": "^3.4"
            },
            "require-dev": {
                "phpunit/phpunit": "^4.0"
            },
            "type": "library",
            "autoload": {
                "psr-4": {
                    "SlimAura\\": "src"
                }
            },
            "notification-url": "https://packagist.org/downloads/",
            "license": [
                "MIT"
            ],
            "authors": [
                {
                    "name": "Shameer",
                    "email": "shameer806@gmail.com"
                }
            ],
            "description": "An extension of Aura.Di to use with Slim 3",
            "time": "2016-05-10T14:21:02+00:00"
        },
        {
            "name": "slim/flash",
            "version": "0.1.0",
            "source": {
                "type": "git",
                "url": "https://github.com/slimphp/Slim-Flash.git",
                "reference": "1995ed53b77b8eeb67adf032de93c319f76aa5cd"
            },
            "dist": {
                "type": "zip",
                "url": "https://api.github.com/repos/slimphp/Slim-Flash/zipball/1995ed53b77b8eeb67adf032de93c319f76aa5cd",
                "reference": "1995ed53b77b8eeb67adf032de93c319f76aa5cd",
                "shasum": ""
            },
            "require": {
                "php": ">=5.5.0"
            },
            "type": "library",
            "autoload": {
                "psr-4": {
                    "Slim\\Flash\\": "src"
                }
            },
            "notification-url": "https://packagist.org/downloads/",
            "license": [
                "MIT"
            ],
            "authors": [
                {
                    "name": "Josh Lockhart",
                    "email": "hello@joshlockhart.com",
                    "homepage": "http://joshlockhart.com"
                }
            ],
            "description": "Slim Framework Flash message service provider",
            "homepage": "http://slimframework.com",
            "keywords": [
                "flash",
                "framework",
                "message",
                "provider",
                "slim"
            ],
            "time": "2015-08-16T22:49:06+00:00"
        },
        {
            "name": "slim/slim",
            "version": "3.10.0",
            "source": {
                "type": "git",
                "url": "https://github.com/slimphp/Slim.git",
                "reference": "d8aabeacc3688b25e2f2dd2db91df91ec6fdd748"
            },
            "dist": {
                "type": "zip",
                "url": "https://api.github.com/repos/slimphp/Slim/zipball/d8aabeacc3688b25e2f2dd2db91df91ec6fdd748",
                "reference": "d8aabeacc3688b25e2f2dd2db91df91ec6fdd748",
                "shasum": ""
            },
            "require": {
                "container-interop/container-interop": "^1.2",
                "nikic/fast-route": "^1.0",
                "php": ">=5.5.0",
                "pimple/pimple": "^3.0",
                "psr/container": "^1.0",
                "psr/http-message": "^1.0"
            },
            "provide": {
                "psr/http-message-implementation": "1.0"
            },
            "require-dev": {
                "phpunit/phpunit": "^4.0",
                "squizlabs/php_codesniffer": "^2.5"
            },
            "type": "library",
            "autoload": {
                "psr-4": {
                    "Slim\\": "Slim"
                }
            },
            "notification-url": "https://packagist.org/downloads/",
            "license": [
                "MIT"
            ],
            "authors": [
                {
                    "name": "Rob Allen",
                    "email": "rob@akrabat.com",
                    "homepage": "http://akrabat.com"
                },
                {
                    "name": "Josh Lockhart",
                    "email": "hello@joshlockhart.com",
                    "homepage": "https://joshlockhart.com"
                },
                {
                    "name": "Gabriel Manricks",
                    "email": "gmanricks@me.com",
                    "homepage": "http://gabrielmanricks.com"
                },
                {
                    "name": "Andrew Smith",
                    "email": "a.smith@silentworks.co.uk",
                    "homepage": "http://silentworks.co.uk"
                }
            ],
            "description": "Slim is a PHP micro framework that helps you quickly write simple yet powerful web applications and APIs",
            "homepage": "https://slimframework.com",
            "keywords": [
                "api",
                "framework",
                "micro",
                "router"
            ],
            "time": "2018-04-19T19:29:08+00:00"
        },
        {
            "name": "slim/twig-view",
            "version": "1.2.0",
            "source": {
                "type": "git",
                "url": "https://github.com/slimphp/Twig-View.git",
                "reference": "5f9d42133491772ea924ebcef11a6da2b236e33b"
            },
            "dist": {
                "type": "zip",
                "url": "https://api.github.com/repos/slimphp/Twig-View/zipball/5f9d42133491772ea924ebcef11a6da2b236e33b",
                "reference": "5f9d42133491772ea924ebcef11a6da2b236e33b",
                "shasum": ""
            },
            "require": {
                "php": ">=5.4.0",
                "pimple/pimple": "~3.0",
                "twig/twig": "~1.18"
            },
            "require-dev": {
                "phpunit/phpunit": "*",
                "psr/http-message": "~0.8"
            },
            "type": "library",
            "autoload": {
                "psr-4": {
                    "Slim\\Views\\": "src"
                }
            },
            "notification-url": "https://packagist.org/downloads/",
            "license": [
                "MIT"
            ],
            "authors": [
                {
                    "name": "Josh Lockhart",
                    "email": "hello@joshlockhart.com",
                    "homepage": "http://joshlockhart.com"
                }
            ],
            "description": "Slim Framework view helper built on top of the Twig templating component",
            "homepage": "http://slimframework.com",
            "keywords": [
                "framework",
                "slim",
                "template",
                "twig",
                "view"
            ],
            "time": "2015-07-11T13:57:28+00:00"
        },
        {
            "name": "swiftmailer/swiftmailer",
            "version": "v6.1.1",
            "source": {
                "type": "git",
                "url": "https://github.com/swiftmailer/swiftmailer.git",
                "reference": "aa899fef280b1c1aec8d5d4ac069af7f80c89a23"
            },
            "dist": {
                "type": "zip",
                "url": "https://api.github.com/repos/swiftmailer/swiftmailer/zipball/aa899fef280b1c1aec8d5d4ac069af7f80c89a23",
                "reference": "aa899fef280b1c1aec8d5d4ac069af7f80c89a23",
                "shasum": ""
            },
            "require": {
                "egulias/email-validator": "~2.0",
                "php": ">=7.0.0"
            },
            "require-dev": {
                "mockery/mockery": "~0.9.1",
                "symfony/phpunit-bridge": "~3.3@dev"
            },
            "suggest": {
                "ext-intl": "Needed to support internationalized email addresses",
                "true/punycode": "Needed to support internationalized email addresses, if ext-intl is not installed"
            },
            "type": "library",
            "extra": {
                "branch-alias": {
                    "dev-master": "6.1-dev"
                }
            },
            "autoload": {
                "files": [
                    "lib/swift_required.php"
                ]
            },
            "notification-url": "https://packagist.org/downloads/",
            "license": [
                "MIT"
            ],
            "authors": [
                {
                    "name": "Chris Corbyn"
                },
                {
                    "name": "Fabien Potencier",
                    "email": "fabien@symfony.com"
                }
            ],
            "description": "Swiftmailer, free feature-rich PHP mailer",
            "homepage": "https://swiftmailer.symfony.com",
            "keywords": [
                "email",
                "mail",
                "mailer"
            ],
            "time": "2018-07-04T11:12:44+00:00"
        },
        {
            "name": "twig/twig",
            "version": "v1.35.3",
            "source": {
                "type": "git",
                "url": "https://github.com/twigphp/Twig.git",
                "reference": "b48680b6eb7d16b5025b9bfc4108d86f6b8af86f"
            },
            "dist": {
                "type": "zip",
                "url": "https://api.github.com/repos/twigphp/Twig/zipball/b48680b6eb7d16b5025b9bfc4108d86f6b8af86f",
                "reference": "b48680b6eb7d16b5025b9bfc4108d86f6b8af86f",
                "shasum": ""
            },
            "require": {
                "php": ">=5.3.3"
            },
            "require-dev": {
                "psr/container": "^1.0",
                "symfony/debug": "^2.7",
                "symfony/phpunit-bridge": "^3.3"
            },
            "type": "library",
            "extra": {
                "branch-alias": {
                    "dev-master": "1.35-dev"
                }
            },
            "autoload": {
                "psr-0": {
                    "Twig_": "lib/"
                },
                "psr-4": {
                    "Twig\\": "src/"
                }
            },
            "notification-url": "https://packagist.org/downloads/",
            "license": [
                "BSD-3-Clause"
            ],
            "authors": [
                {
                    "name": "Fabien Potencier",
                    "email": "fabien@symfony.com",
                    "homepage": "http://fabien.potencier.org",
                    "role": "Lead Developer"
                },
                {
                    "name": "Armin Ronacher",
                    "email": "armin.ronacher@active-4.com",
                    "role": "Project Founder"
                },
                {
                    "name": "Twig Team",
                    "homepage": "http://twig.sensiolabs.org/contributors",
                    "role": "Contributors"
                }
            ],
            "description": "Twig, the flexible, fast, and secure template language for PHP",
            "homepage": "http://twig.sensiolabs.org",
            "keywords": [
                "templating"
            ],
            "time": "2018-03-20T04:25:58+00:00"
        }
    ],
    "packages-dev": [],
    "aliases": [],
    "minimum-stability": "stable",
    "stability-flags": {
        "shameerc/slim3-aura-di": 20
    },
    "prefer-stable": false,
    "prefer-lowest": false,
    "platform": [],
    "platform-dev": []
}
